
Microsoft Visual Studio Solution File, Format Version 12.00
# Visual Studio Version 17
VisualStudioVersion = 17.0.31903.59
MinimumVisualStudioVersion = 10.0.40219.1
Project("{2150E333-8FDC-42A3-9474-1A3956D46DE8}") = "src", "src", "{3CBA55FE-E7F8-4C15-B30E-5D503F28837A}"
EndProject
Project("{FAE04EC0-301F-11D3-BF4B-00C04F79EFBC}") = "FlowTerminal.MarketData", "src\FlowTerminal.MarketData\FlowTerminal.MarketData.csproj", "{22D34C43-E1CE-46F0-9E28-B66C7908A7DA}"
EndProject
Project("{FAE04EC0-301F-11D3-BF4B-00C04F79EFBC}") = "FlowTerminal.Domain", "src\FlowTerminal.Domain\FlowTerminal.Domain.csproj", "{AB0878A1-4B84-475A-B9CD-3D9DFA989AA6}"
EndProject
Project("{FAE04EC0-301F-11D3-BF4B-00C04F79EFBC}") = "FlowTerminal.Charting", "src\FlowTerminal.Charting\FlowTerminal.Charting.csproj", "{34B70B83-1ABB-48CB-A70B-EC9E914C3FC4}"
EndProject
Project("{FAE04EC0-301F-11D3-BF4B-00C04F79EFBC}") = "FlowTerminal.Infrastructure", "src\FlowTerminal.Infrastructure\FlowTerminal.Infrastructure.csproj", "{00477A54-2331-4505-9903-F2623A2AC216}"
EndProject
Project("{FAE04EC0-301F-11D3-BF4B-00C04F79EFBC}") = "FlowTerminal.Replay", "src\FlowTerminal.Replay\FlowTerminal.Replay.csproj", "{1191596F-D5DB-49B1-9294-EF7C17FD156D}"
EndProject
Project("{FAE04EC0-301F-11D3-BF4B-00C04F79EFBC}") = "FlowTerminal.Notes", "src\FlowTerminal.Notes\FlowTerminal.Notes.csproj", "{5B742C5C-2B46-497D-AFC2-A88BDA6BD993}"
EndProject
Project("{FAE04EC0-301F-11D3-BF4B-00C04F79EFBC}") = "FlowTerminal.Rithmic", "src\FlowTerminal.Rithmic\FlowTerminal.Rithmic.csproj", "{43D567D7-E4F5-4B5A-9BE9-E5FB387A7CD4}"
EndProject
Project("{FAE04EC0-301F-11D3-BF4B-00C04F79EFBC}") = "FlowTerminal.Storage", "src\FlowTerminal.Storage\FlowTerminal.Storage.csproj", "{38FD3E34-87EE-4E98-B779-97E6F3B12355}"
EndProject
Project("{FAE04EC0-301F-11D3-BF4B-00C04F79EFBC}") = "FlowTerminal.Analytics", "src\FlowTerminal.Analytics\FlowTerminal.Analytics.csproj", "{61D650CB-87AD-4873-84DD-4D192EBDEE83}"
EndProject
Project("{FAE04EC0-301F-11D3-BF4B-00C04F79EFBC}") = "FlowTerminal.App", "src\FlowTerminal.App\FlowTerminal.App.csproj", "{57BAD125-5051-42C2-AEE4-83F598E218D1}"
EndProject
Project("{FAE04EC0-301F-11D3-BF4B-00C04F79EFBC}") = "FlowTerminal.OrderBook", "src\FlowTerminal.OrderBook\FlowTerminal.OrderBook.csproj", "{7786CD90-4652-4A0C-9275-DE9E4AF47285}"
EndProject
Project("{2150E333-8FDC-42A3-9474-1A3956D46DE8}") = "tests", "tests", "{5276794E-20AB-4A15-BCA6-65D0E5325895}"
EndProject
Project("{FAE04EC0-301F-11D3-BF4B-00C04F79EFBC}") = "FlowTerminal.Replay.Tests", "tests\FlowTerminal.Replay.Tests\FlowTerminal.Replay.Tests.csproj", "{33CBE6F2-BB3E-4E33-BDB6-CDE7C185D827}"
EndProject
Project("{FAE04EC0-301F-11D3-BF4B-00C04F79EFBC}") = "FlowTerminal.Analytics.Tests", "tests\FlowTerminal.Analytics.Tests\FlowTerminal.Analytics.Tests.csproj", "{B609206F-9E9E-4F3E-8646-848ED414AD64}"
EndProject
Project("{FAE04EC0-301F-11D3-BF4B-00C04F79EFBC}") = "FlowTerminal.PerformanceTests", "tests\FlowTerminal.PerformanceTests\FlowTerminal.PerformanceTests.csproj", "{26A91CE9-FD46-48D3-9CBD-75D482EAA50F}"
EndProject
Project("{FAE04EC0-301F-11D3-BF4B-00C04F79EFBC}") = "FlowTerminal.IntegrationTests", "tests\FlowTerminal.IntegrationTests\FlowTerminal.IntegrationTests.csproj", "{64BB48FE-396B-4C47-8B88-7750FDA9686D}"
EndProject
Project("{FAE04EC0-301F-11D3-BF4B-00C04F79EFBC}") = "FlowTerminal.UiTests", "tests\FlowTerminal.UiTests\FlowTerminal.UiTests.csproj", "{F97EA8A2-CF0E-46EE-91B9-4BE5658FE85D}"
EndProject
Project("{FAE04EC0-301F-11D3-BF4B-00C04F79EFBC}") = "FlowTerminal.MarketData.Tests", "tests\FlowTerminal.MarketData.Tests\FlowTerminal.MarketData.Tests.csproj", "{FE659014-701D-49E0-8358-46DD361E2A4C}"
EndProject
Project("{FAE04EC0-301F-11D3-BF4B-00C04F79EFBC}") = "FlowTerminal.Storage.Tests", "tests\FlowTerminal.Storage.Tests\FlowTerminal.Storage.Tests.csproj", "{2557AE7C-A268-4BC2-88D2-1EFFFB285E5F}"
EndProject
Project("{FAE04EC0-301F-11D3-BF4B-00C04F79EFBC}") = "FlowTerminal.Domain.Tests", "tests\FlowTerminal.Domain.Tests\FlowTerminal.Domain.Tests.csproj", "{10999C12-ACEB-45F5-8D56-0569720F15EF}"
EndProject
Project("{FAE04EC0-301F-11D3-BF4B-00C04F79EFBC}") = "FlowTerminal.OrderBook.Tests", "tests\FlowTerminal.OrderBook.Tests\FlowTerminal.OrderBook.Tests.csproj", "{5F680201-3163-4855-8ABA-4E758367D1C6}"
EndProject
Project("{2150E333-8FDC-42A3-9474-1A3956D46DE8}") = "benchmarks", "benchmarks", "{2728DB90-767F-491D-A266-F1DC1BB1EEFA}"
EndProject
Project("{FAE04EC0-301F-11D3-BF4B-00C04F79EFBC}") = "FlowTerminal.Benchmarks", "benchmarks\FlowTerminal.Benchmarks\FlowTerminal.Benchmarks.csproj", "{A1D5E588-08D2-4852-9A5D-062104F0666A}"
EndProject
Project("{2150E333-8FDC-42A3-9474-1A3956D46DE8}") = "tools", "tools", "{B36F7E5E-A56F-4198-A42B-F7E028160400}"
EndProject
Project("{FAE04EC0-301F-11D3-BF4B-00C04F79EFBC}") = "FlowTerminal.DataInspector", "tools\FlowTerminal.DataInspector\FlowTerminal.DataInspector.csproj", "{D38F7BF5-6FC6-4F76-9FE1-DAF89BDD0B68}"
EndProject
Project("{FAE04EC0-301F-11D3-BF4B-00C04F79EFBC}") = "FlowTerminal.ReplayValidator", "tools\FlowTerminal.ReplayValidator\FlowTerminal.ReplayValidator.csproj", "{D4F76252-CC1B-4826-98DB-AB321327C23A}"
EndProject
Project("{FAE04EC0-301F-11D3-BF4B-00C04F79EFBC}") = "FlowTerminal.DataRepair", "tools\FlowTerminal.DataRepair\FlowTerminal.DataRepair.csproj", "{60C5ACF6-F581-4F4C-A948-AE81A5EFBBAE}"
EndProject
Global
	GlobalSection(SolutionConfigurationPlatforms) = preSolution
		Debug|Any CPU = Debug|Any CPU
		Release|Any CPU = Release|Any CPU
	EndGlobalSection
	GlobalSection(SolutionProperties) = preSolution
		HideSolutionNode = FALSE
	EndGlobalSection
	GlobalSection(ProjectConfigurationPlatforms) = postSolution
		{22D34C43-E1CE-46F0-9E28-B66C7908A7DA}.Debug|Any CPU.ActiveCfg = Debug|Any CPU
		{22D34C43-E1CE-46F0-9E28-B66C7908A7DA}.Debug|Any CPU.Build.0 = Debug|Any CPU
		{22D34C43-E1CE-46F0-9E28-B66C7908A7DA}.Release|Any CPU.ActiveCfg = Release|Any CPU
		{22D34C43-E1CE-46F0-9E28-B66C7908A7DA}.Release|Any CPU.Build.0 = Release|Any CPU
		{AB0878A1-4B84-475A-B9CD-3D9DFA989AA6}.Debug|Any CPU.ActiveCfg = Debug|Any CPU
		{AB0878A1-4B84-475A-B9CD-3D9DFA989AA6}.Debug|Any CPU.Build.0 = Debug|Any CPU
		{AB0878A1-4B84-475A-B9CD-3D9DFA989AA6}.Release|Any CPU.ActiveCfg = Release|Any CPU
		{AB0878A1-4B84-475A-B9CD-3D9DFA989AA6}.Release|Any CPU.Build.0 = Release|Any CPU
		{34B70B83-1ABB-48CB-A70B-EC9E914C3FC4}.Debug|Any CPU.ActiveCfg = Debug|Any CPU
		{34B70B83-1ABB-48CB-A70B-EC9E914C3FC4}.Debug|Any CPU.Build.0 = Debug|Any CPU
		{34B70B83-1ABB-48CB-A70B-EC9E914C3FC4}.Release|Any CPU.ActiveCfg = Release|Any CPU
		{34B70B83-1ABB-48CB-A70B-EC9E914C3FC4}.Release|Any CPU.Build.0 = Release|Any CPU
		{00477A54-2331-4505-9903-F2623A2AC216}.Debug|Any CPU.ActiveCfg = Debug|Any CPU
		{00477A54-2331-4505-9903-F2623A2AC216}.Debug|Any CPU.Build.0 = Debug|Any CPU
		{00477A54-2331-4505-9903-F2623A2AC216}.Release|Any CPU.ActiveCfg = Release|Any CPU
		{00477A54-2331-4505-9903-F2623A2AC216}.Release|Any CPU.Build.0 = Release|Any CPU
		{1191596F-D5DB-49B1-9294-EF7C17FD156D}.Debug|Any CPU.ActiveCfg = Debug|Any CPU
		{1191596F-D5DB-49B1-9294-EF7C17FD156D}.Debug|Any CPU.Build.0 = Debug|Any CPU
		{1191596F-D5DB-49B1-9294-EF7C17FD156D}.Release|Any CPU.ActiveCfg = Release|Any CPU
		{1191596F-D5DB-49B1-9294-EF7C17FD156D}.Release|Any CPU.Build.0 = Release|Any CPU
		{5B742C5C-2B46-497D-AFC2-A88BDA6BD993}.Debug|Any CPU.ActiveCfg = Debug|Any CPU
		{5B742C5C-2B46-497D-AFC2-A88BDA6BD993}.Debug|Any CPU.Build.0 = Debug|Any CPU
		{5B742C5C-2B46-497D-AFC2-A88BDA6BD993}.Release|Any CPU.ActiveCfg = Release|Any CPU
		{5B742C5C-2B46-497D-AFC2-A88BDA6BD993}.Release|Any CPU.Build.0 = Release|Any CPU
		{43D567D7-E4F5-4B5A-9BE9-E5FB387A7CD4}.Debug|Any CPU.ActiveCfg = Debug|Any CPU
		{43D567D7-E4F5-4B5A-9BE9-E5FB387A7CD4}.Debug|Any CPU.Build.0 = Debug|Any CPU
		{43D567D7-E4F5-4B5A-9BE9-E5FB387A7CD4}.Release|Any CPU.ActiveCfg = Release|Any CPU
		{43D567D7-E4F5-4B5A-9BE9-E5FB387A7CD4}.Release|Any CPU.Build.0 = Release|Any CPU
		{38FD3E34-87EE-4E98-B779-97E6F3B12355}.Debug|Any CPU.ActiveCfg = Debug|Any CPU
		{38FD3E34-87EE-4E98-B779-97E6F3B12355}.Debug|Any CPU.Build.0 = Debug|Any CPU
		{38FD3E34-87EE-4E98-B779-97E6F3B12355}.Release|Any CPU.ActiveCfg = Release|Any CPU
		{38FD3E34-87EE-4E98-B779-97E6F3B12355}.Release|Any CPU.Build.0 = Release|Any CPU
		{61D650CB-87AD-4873-84DD-4D192EBDEE83}.Debug|Any CPU.ActiveCfg = Debug|Any CPU
		{61D650CB-87AD-4873-84DD-4D192EBDEE83}.Debug|Any CPU.Build.0 = Debug|Any CPU
		{61D650CB-87AD-4873-84DD-4D192EBDEE83}.Release|Any CPU.ActiveCfg = Release|Any CPU
		{61D650CB-87AD-4873-84DD-4D192EBDEE83}.Release|Any CPU.Build.0 = Release|Any CPU
		{57BAD125-5051-42C2-AEE4-83F598E218D1}.Debug|Any CPU.ActiveCfg = Debug|Any CPU
		{57BAD125-5051-42C2-AEE4-83F598E218D1}.Debug|Any CPU.Build.0 = Debug|Any CPU
		{57BAD125-5051-42C2-AEE4-83F598E218D1}.Release|Any CPU.ActiveCfg = Release|Any CPU
		{57BAD125-5051-42C2-AEE4-83F598E218D1}.Release|Any CPU.Build.0 = Release|Any CPU
		{7786CD90-4652-4A0C-9275-DE9E4AF47285}.Debug|Any CPU.ActiveCfg = Debug|Any CPU
		{7786CD90-4652-4A0C-9275-DE9E4AF47285}.Debug|Any CPU.Build.0 = Debug|Any CPU
		{7786CD90-4652-4A0C-9275-DE9E4AF47285}.Release|Any CPU.ActiveCfg = Release|Any CPU
		{7786CD90-4652-4A0C-9275-DE9E4AF47285}.Release|Any CPU.Build.0 = Release|Any CPU
		{33CBE6F2-BB3E-4E33-BDB6-CDE7C185D827}.Debug|Any CPU.ActiveCfg = Debug|Any CPU
		{33CBE6F2-BB3E-4E33-BDB6-CDE7C185D827}.Debug|Any CPU.Build.0 = Debug|Any CPU
		{33CBE6F2-BB3E-4E33-BDB6-CDE7C185D827}.Release|Any CPU.ActiveCfg = Release|Any CPU
		{33CBE6F2-BB3E-4E33-BDB6-CDE7C185D827}.Release|Any CPU.Build.0 = Release|Any CPU
		{B609206F-9E9E-4F3E-8646-848ED414AD64}.Debug|Any CPU.ActiveCfg = Debug|Any CPU
		{B609206F-9E9E-4F3E-8646-848ED414AD64}.Debug|Any CPU.Build.0 = Debug|Any CPU
		{B609206F-9E9E-4F3E-8646-848ED414AD64}.Release|Any CPU.ActiveCfg = Release|Any CPU
		{B609206F-9E9E-4F3E-8646-848ED414AD64}.Release|Any CPU.Build.0 = Release|Any CPU
		{26A91CE9-FD46-48D3-9CBD-75D482EAA50F}.Debug|Any CPU.ActiveCfg = Debug|Any CPU
		{26A91CE9-FD46-48D3-9CBD-75D482EAA50F}.Debug|Any CPU.Build.0 = Debug|Any CPU
		{26A91CE9-FD46-48D3-9CBD-75D482EAA50F}.Release|Any CPU.ActiveCfg = Release|Any CPU
		{26A91CE9-FD46-48D3-9CBD-75D482EAA50F}.Release|Any CPU.Build.0 = Release|Any CPU
		{64BB48FE-396B-4C47-8B88-7750FDA9686D}.Debug|Any CPU.ActiveCfg = Debug|Any CPU
		{64BB48FE-396B-4C47-8B88-7750FDA9686D}.Debug|Any CPU.Build.0 = Debug|Any CPU
		{64BB48FE-396B-4C47-8B88-7750FDA9686D}.Release|Any CPU.ActiveCfg = Release|Any CPU
		{64BB48FE-396B-4C47-8B88-7750FDA9686D}.Release|Any CPU.Build.0 = Release|Any CPU
		{F97EA8A2-CF0E-46EE-91B9-4BE5658FE85D}.Debug|Any CPU.ActiveCfg = Debug|Any CPU
		{F97EA8A2-CF0E-46EE-91B9-4BE5658FE85D}.Debug|Any CPU.Build.0 = Debug|Any CPU
		{F97EA8A2-CF0E-46EE-91B9-4BE5658FE85D}.Release|Any CPU.ActiveCfg = Release|Any CPU
		{F97EA8A2-CF0E-46EE-91B9-4BE5658FE85D}.Release|Any CPU.Build.0 = Release|Any CPU
		{FE659014-701D-49E0-8358-46DD361E2A4C}.Debug|Any CPU.ActiveCfg = Debug|Any CPU
		{FE659014-701D-49E0-8358-46DD361E2A4C}.Debug|Any CPU.Build.0 = Debug|Any CPU
		{FE659014-701D-49E0-8358-46DD361E2A4C}.Release|Any CPU.ActiveCfg = Release|Any CPU
		{FE659014-701D-49E0-8358-46DD361E2A4C}.Release|Any CPU.Build.0 = Release|Any CPU
		{2557AE7C-A268-4BC2-88D2-1EFFFB285E5F}.Debug|Any CPU.ActiveCfg = Debug|Any CPU
		{2557AE7C-A268-4BC2-88D2-1EFFFB285E5F}.Debug|Any CPU.Build.0 = Debug|Any CPU
		{2557AE7C-A268-4BC2-88D2-1EFFFB285E5F}.Release|Any CPU.ActiveCfg = Release|Any CPU
		{2557AE7C-A268-4BC2-88D2-1EFFFB285E5F}.Release|Any CPU.Build.0 = Release|Any CPU
		{10999C12-ACEB-45F5-8D56-0569720F15EF}.Debug|Any CPU.ActiveCfg = Debug|Any CPU
		{10999C12-ACEB-45F5-8D56-0569720F15EF}.Debug|Any CPU.Build.0 = Debug|Any CPU
		{10999C12-ACEB-45F5-8D56-0569720F15EF}.Release|Any CPU.ActiveCfg = Release|Any CPU
		{10999C12-ACEB-45F5-8D56-0569720F15EF}.Release|Any CPU.Build.0 = Release|Any CPU
		{5F680201-3163-4855-8ABA-4E758367D1C6}.Debug|Any CPU.ActiveCfg = Debug|Any CPU
		{5F680201-3163-4855-8ABA-4E758367D1C6}.Debug|Any CPU.Build.0 = Debug|Any CPU
		{5F680201-3163-4855-8ABA-4E758367D1C6}.Release|Any CPU.ActiveCfg = Release|Any CPU
		{5F680201-3163-4855-8ABA-4E758367D1C6}.Release|Any CPU.Build.0 = Release|Any CPU
		{A1D5E588-08D2-4852-9A5D-062104F0666A}.Debug|Any CPU.ActiveCfg = Debug|Any CPU
		{A1D5E588-08D2-4852-9A5D-062104F0666A}.Debug|Any CPU.Build.0 = Debug|Any CPU
		{A1D5E588-08D2-4852-9A5D-062104F0666A}.Release|Any CPU.ActiveCfg = Release|Any CPU
		{A1D5E588-08D2-4852-9A5D-062104F0666A}.Release|Any CPU.Build.0 = Release|Any CPU
		{D38F7BF5-6FC6-4F76-9FE1-DAF89BDD0B68}.Debug|Any CPU.ActiveCfg = Debug|Any CPU
		{D38F7BF5-6FC6-4F76-9FE1-DAF89BDD0B68}.Debug|Any CPU.Build.0 = Debug|Any CPU
		{D38F7BF5-6FC6-4F76-9FE1-DAF89BDD0B68}.Release|Any CPU.ActiveCfg = Release|Any CPU
		{D38F7BF5-6FC6-4F76-9FE1-DAF89BDD0B68}.Release|Any CPU.Build.0 = Release|Any CPU
		{D4F76252-CC1B-4826-98DB-AB321327C23A}.Debug|Any CPU.ActiveCfg = Debug|Any CPU
		{D4F76252-CC1B-4826-98DB-AB321327C23A}.Debug|Any CPU.Build.0 = Debug|Any CPU
		{D4F76252-CC1B-4826-98DB-AB321327C23A}.Release|Any CPU.ActiveCfg = Release|Any CPU
		{D4F76252-CC1B-4826-98DB-AB321327C23A}.Release|Any CPU.Build.0 = Release|Any CPU
		{60C5ACF6-F581-4F4C-A948-AE81A5EFBBAE}.Debug|Any CPU.ActiveCfg = Debug|Any CPU
		{60C5ACF6-F581-4F4C-A948-AE81A5EFBBAE}.Debug|Any CPU.Build.0 = Debug|Any CPU
		{60C5ACF6-F581-4F4C-A948-AE81A5EFBBAE}.Release|Any CPU.ActiveCfg = Release|Any CPU
		{60C5ACF6-F581-4F4C-A948-AE81A5EFBBAE}.Release|Any CPU.Build.0 = Release|Any CPU
	EndGlobalSection
	GlobalSection(NestedProjects) = preSolution
		{22D34C43-E1CE-46F0-9E28-B66C7908A7DA} = {3CBA55FE-E7F8-4C15-B30E-5D503F28837A}
		{AB0878A1-4B84-475A-B9CD-3D9DFA989AA6} = {3CBA55FE-E7F8-4C15-B30E-5D503F28837A}
		{34B70B83-1ABB-48CB-A70B-EC9E914C3FC4} = {3CBA55FE-E7F8-4C15-B30E-5D503F28837A}
		{00477A54-2331-4505-9903-F2623A2AC216} = {3CBA55FE-E7F8-4C15-B30E-5D503F28837A}
		{1191596F-D5DB-49B1-9294-EF7C17FD156D} = {3CBA55FE-E7F8-4C15-B30E-5D503F28837A}
		{5B742C5C-2B46-497D-AFC2-A88BDA6BD993} = {3CBA55FE-E7F8-4C15-B30E-5D503F28837A}
		{43D567D7-E4F5-4B5A-9BE9-E5FB387A7CD4} = {3CBA55FE-E7F8-4C15-B30E-5D503F28837A}
		{38FD3E34-87EE-4E98-B779-97E6F3B12355} = {3CBA55FE-E7F8-4C15-B30E-5D503F28837A}
		{61D650CB-87AD-4873-84DD-4D192EBDEE83} = {3CBA55FE-E7F8-4C15-B30E-5D503F28837A}
		{57BAD125-5051-42C2-AEE4-83F598E218D1} = {3CBA55FE-E7F8-4C15-B30E-5D503F28837A}
		{7786CD90-4652-4A0C-9275-DE9E4AF47285} = {3CBA55FE-E7F8-4C15-B30E-5D503F28837A}
		{33CBE6F2-BB3E-4E33-BDB6-CDE7C185D827} = {5276794E-20AB-4A15-BCA6-65D0E5325895}
		{B609206F-9E9E-4F3E-8646-848ED414AD64} = {5276794E-20AB-4A15-BCA6-65D0E5325895}
		{26A91CE9-FD46-48D3-9CBD-75D482EAA50F} = {5276794E-20AB-4A15-BCA6-65D0E5325895}
		{64BB48FE-396B-4C47-8B88-7750FDA9686D} = {5276794E-20AB-4A15-BCA6-65D0E5325895}
		{F97EA8A2-CF0E-46EE-91B9-4BE5658FE85D} = {5276794E-20AB-4A15-BCA6-65D0E5325895}
		{FE659014-701D-49E0-8358-46DD361E2A4C} = {5276794E-20AB-4A15-BCA6-65D0E5325895}
		{2557AE7C-A268-4BC2-88D2-1EFFFB285E5F} = {5276794E-20AB-4A15-BCA6-65D0E5325895}
		{10999C12-ACEB-45F5-8D56-0569720F15EF} = {5276794E-20AB-4A15-BCA6-65D0E5325895}
		{5F680201-3163-4855-8ABA-4E758367D1C6} = {5276794E-20AB-4A15-BCA6-65D0E5325895}
		{A1D5E588-08D2-4852-9A5D-062104F0666A} = {2728DB90-767F-491D-A266-F1DC1BB1EEFA}
		{D38F7BF5-6FC6-4F76-9FE1-DAF89BDD0B68} = {B36F7E5E-A56F-4198-A42B-F7E028160400}
		{D4F76252-CC1B-4826-98DB-AB321327C23A} = {B36F7E5E-A56F-4198-A42B-F7E028160400}
		{60C5ACF6-F581-4F4C-A948-AE81A5EFBBAE} = {B36F7E5E-A56F-4198-A42B-F7E028160400}
	EndGlobalSection
EndGlobal
